<?xml version="1.0" encoding="utf-8"?>
<Project ToolsVersion="4.0" xmlns="http://schemas.microsoft.com/developer/msbuild/2003">
  <ItemGroup>
    <Filter Include="Source Files">
      <UniqueIdentifier>{017759f5-03da-4e98-8640-b70d31b1427c}</UniqueIdentifier>
    </Filter>
    <Filter Include="Header Files">
      <UniqueIdentifier>{38e7722b-66a5-48f2-96a2-0c6611185c57}</UniqueIdentifier>
    </Filter>
    <Filter Include="Binarization">
      <UniqueIdentifier>{1e51e86d-f853-4833-ac33-ca4835db3a6b}</UniqueIdentifier>
    </Filter>
    <Filter Include="Common">
      <UniqueIdentifier>{a20ec505-ccf6-4edf-92bf-351c4884a63b}</UniqueIdentifier>
    </Filter>
    <Filter Include="Interpolation">
      <UniqueIdentifier>{6e8853e8-3854-4ec8-b1a5-9b605b071e09}</UniqueIdentifier>
    </Filter>
  </ItemGroup>
  <ItemGroup>
    <ClCompile Include="common\common.cpp">
      <Filter>Common</Filter>
    </ClCompile>
    <ClCompile Include="common\timer.cpp">
      <Filter>Common</Filter>
    </ClCompile>
    <ClCompile Include="source\stdafx.cpp">
      <Filter>Source Files</Filter>
    </ClCompile>
    <ClCompile Include="source\cuda_main.cpp">
      <Filter>Source Files</Filter>
    </ClCompile>
    <ClCompile Include="common\log_message.cpp">
      <Filter>Common</Filter>
    </ClCompile>
    <ClCompile Include="binarization\binarize_engine.cpp">
      <Filter>Binarization</Filter>
    </ClCompile>
    <ClCompile Include="interpolation\interpolation_engine.cpp">
      <Filter>Interpolation</Filter>
    </ClCompile>
  </ItemGroup>
  <ItemGroup>
    <ClInclude Include="common\common.h">
      <Filter>Common</Filter>
    </ClInclude>
    <ClInclude Include="common\timer.h">
      <Filter>Common</Filter>
    </ClInclude>
    <ClInclude Include="include\stdafx.h">
      <Filter>Header Files</Filter>
    </ClInclude>
    <ClInclude Include="include\typedef.h">
      <Filter>Header Files</Filter>
    </ClInclude>
    <ClInclude Include="common\log_message.h">
      <Filter>Common</Filter>
    </ClInclude>
    <ClInclude Include="binarization\binarize_kernel.cuh">
      <Filter>Binarization</Filter>
    </ClInclude>
    <ClInclude Include="binarization\binarize_gpu.cuh">
      <Filter>Binarization</Filter>
    </ClInclude>
    <ClInclude Include="binarization\binarize_engine.h">
      <Filter>Binarization</Filter>
    </ClInclude>
    <ClInclude Include="interpolation\interpolation_engine.h">
      <Filter>Interpolation</Filter>
    </ClInclude>
    <ClInclude Include="interpolation\interpolation_gpu.cuh">
      <Filter>Interpolation</Filter>
    </ClInclude>
  </ItemGroup>
  <ItemGroup>
    <CudaCompile Include="binarization\binarize_kernel.cu">
      <Filter>Binarization</Filter>
    </CudaCompile>
    <CudaCompile Include="binarization\binarize_gpu.cu">
      <Filter>Binarization</Filter>
    </CudaCompile>
    <CudaCompile Include="interpolation\interpolation_gpu.cu">
      <Filter>Interpolation</Filter>
    </CudaCompile>
  </ItemGroup>
</Project>